{"format_version":"1.0","provider_schemas":{"registry.terraform.io/petoju/mysql":{"provider":{"version":0,"block":{"attributes":{"authentication_plugin":{"type":"string","description_kind":"plain","optional":true},"conn_params":{"type":["map","string"],"description_kind":"plain","optional":true},"connect_retry_timeout_sec":{"type":"number","description_kind":"plain","optional":true},"endpoint":{"type":"string","description_kind":"plain","required":true},"iam_database_authentication":{"type":"bool","description_kind":"plain","optional":true},"max_conn_lifetime_sec":{"type":"number","description_kind":"plain","optional":true},"max_open_conns":{"type":"number","description_kind":"plain","optional":true},"password":{"type":"string","description_kind":"plain","optional":true},"private_ip":{"type":"bool","description_kind":"plain","optional":true},"proxy":{"type":"string","description_kind":"plain","optional":true},"tls":{"type":"string","description_kind":"plain","optional":true},"username":{"type":"string","description_kind":"plain","required":true}},"block_types":{"aws_config":{"nesting_mode":"list","block":{"attributes":{"access_key":{"type":"string","description_kind":"plain","optional":true},"profile":{"type":"string","description_kind":"plain","optional":true},"region":{"type":"string","description_kind":"plain","optional":true},"secret_key":{"type":"string","description_kind":"plain","optional":true}},"description_kind":"plain"}},"azure_config":{"nesting_mode":"list","block":{"attributes":{"client_id":{"type":"string","description_kind":"plain","optional":true},"client_secret":{"type":"string","description_kind":"plain","optional":true},"environment":{"type":"string","description_kind":"plain","optional":true},"tenant_id":{"type":"string","description_kind":"plain","optional":true}},"description_kind":"plain"}},"custom_tls":{"nesting_mode":"list","block":{"attributes":{"ca_cert":{"type":"string","description_kind":"plain","required":true},"client_cert":{"type":"string","description_kind":"plain","required":true},"client_key":{"type":"string","description_kind":"plain","required":true},"config_key":{"type":"string","description_kind":"plain","optional":true}},"description_kind":"plain"}}},"description_kind":"plain"}},"resource_schemas":{"mysql_database":{"version":0,"block":{"attributes":{"default_character_set":{"type":"string","description_kind":"plain","optional":true},"default_collation":{"type":"string","description_kind":"plain","optional":true},"id":{"type":"string","description_kind":"plain","optional":true,"computed":true},"name":{"type":"string","description_kind":"plain","required":true}},"description_kind":"plain"}},"mysql_default_roles":{"version":0,"block":{"attributes":{"host":{"type":"string","description_kind":"plain","optional":true},"id":{"type":"string","description_kind":"plain","optional":true,"computed":true},"roles":{"type":["set","string"],"description_kind":"plain","required":true},"user":{"type":"string","description_kind":"plain","required":true}},"description_kind":"plain"}},"mysql_global_variable":{"version":0,"block":{"attributes":{"id":{"type":"string","description_kind":"plain","optional":true,"computed":true},"name":{"type":"string","description_kind":"plain","required":true},"value":{"type":"string","description_kind":"plain","required":true}},"description_kind":"plain"}},"mysql_grant":{"version":0,"block":{"attributes":{"database":{"type":"string","description_kind":"plain","required":true},"grant":{"type":"bool","description_kind":"plain","optional":true},"host":{"type":"string","description_kind":"plain","optional":true},"id":{"type":"string","description_kind":"plain","optional":true,"computed":true},"privileges":{"type":["set","string"],"description_kind":"plain","optional":true},"role":{"type":"string","description_kind":"plain","optional":true},"roles":{"type":["set","string"],"description_kind":"plain","optional":true},"table":{"type":"string","description_kind":"plain","optional":true},"tls_option":{"type":"string","description_kind":"plain","deprecated":true,"optional":true},"user":{"type":"string","description_kind":"plain","optional":true}},"description_kind":"plain"}},"mysql_rds_config":{"version":0,"block":{"attributes":{"binlog_retention_hours":{"type":"number","description":"Sets the number of hours to retain binary log files","description_kind":"plain","optional":true},"id":{"type":"string","description_kind":"plain","optional":true,"computed":true},"replication_target_delay":{"type":"number","description":"Sets the number of seconds to delay replication from source database instance to the read replica","description_kind":"plain","optional":true}},"description_kind":"plain"}},"mysql_role":{"version":0,"block":{"attributes":{"id":{"type":"string","description_kind":"plain","optional":true,"computed":true},"name":{"type":"string","description_kind":"plain","required":true}},"description_kind":"plain"}},"mysql_sql":{"version":0,"block":{"attributes":{"create_sql":{"type":"string","description_kind":"plain","required":true},"delete_sql":{"type":"string","description_kind":"plain","required":true},"id":{"type":"string","description_kind":"plain","optional":true,"computed":true},"name":{"type":"string","description_kind":"plain","required":true}},"description_kind":"plain"}},"mysql_ti_config":{"version":0,"block":{"attributes":{"id":{"type":"string","description_kind":"plain","optional":true,"computed":true},"instance":{"type":"string","description_kind":"plain","optional":true},"name":{"type":"string","description_kind":"plain","required":true},"type":{"type":"string","description_kind":"plain","required":true},"value":{"type":"string","description_kind":"plain","required":true}},"description_kind":"plain"}},"mysql_user":{"version":0,"block":{"attributes":{"auth_plugin":{"type":"string","description_kind":"plain","optional":true},"auth_string_hashed":{"type":"string","description_kind":"plain","optional":true,"sensitive":true},"host":{"type":"string","description_kind":"plain","optional":true},"id":{"type":"string","description_kind":"plain","optional":true,"computed":true},"password":{"type":"string","description_kind":"plain","deprecated":true,"optional":true,"sensitive":true},"plaintext_password":{"type":"string","description_kind":"plain","optional":true,"sensitive":true},"retain_old_password":{"type":"bool","description_kind":"plain","optional":true},"tls_option":{"type":"string","description_kind":"plain","optional":true},"user":{"type":"string","description_kind":"plain","required":true}},"block_types":{"aad_identity":{"nesting_mode":"set","block":{"attributes":{"identity":{"type":"string","description_kind":"plain","required":true},"type":{"type":"string","description_kind":"plain","optional":true}},"description_kind":"plain"},"max_items":1}},"description_kind":"plain"}},"mysql_user_password":{"version":0,"block":{"attributes":{"host":{"type":"string","description_kind":"plain","optional":true},"id":{"type":"string","description_kind":"plain","optional":true,"computed":true},"plaintext_password":{"type":"string","description_kind":"plain","optional":true,"sensitive":true},"retain_old_password":{"type":"bool","description_kind":"plain","optional":true},"user":{"type":"string","description_kind":"plain","required":true}},"description_kind":"plain"}}},"data_source_schemas":{"mysql_databases":{"version":0,"block":{"attributes":{"databases":{"type":["list","string"],"description_kind":"plain","computed":true},"id":{"type":"string","description_kind":"plain","optional":true,"computed":true},"pattern":{"type":"string","description_kind":"plain","optional":true}},"description_kind":"plain"}},"mysql_tables":{"version":0,"block":{"attributes":{"database":{"type":"string","description_kind":"plain","required":true},"id":{"type":"string","description_kind":"plain","optional":true,"computed":true},"pattern":{"type":"string","description_kind":"plain","optional":true},"tables":{"type":["list","string"],"description_kind":"plain","computed":true}},"description_kind":"plain"}}}}}}
